// !$*UTF8*$!
{
	archiveVersion = 1;
	classes = {
	};
	objectVersion = 55;
	objects = {

/* Begin PBXBuildFile section */
		E912E4D227EF7B3E0091A517 /* MainScreen.swift in Sources */ = {isa = PBXBuildFile; fileRef = E912E4D127EF7B3E0091A517 /* MainScreen.swift */; };
		E912E4D527EF7B780091A517 /* BackgroundView.swift in Sources */ = {isa = PBXBuildFile; fileRef = E912E4D427EF7B780091A517 /* BackgroundView.swift */; };
		E912E4D827EF7E300091A517 /* TabBarView.swift in Sources */ = {isa = PBXBuildFile; fileRef = E912E4D727EF7E300091A517 /* TabBarView.swift */; };
		E912E4DB27EF7E840091A517 /* UserProfile.swift in Sources */ = {isa = PBXBuildFile; fileRef = E912E4DA27EF7E840091A517 /* UserProfile.swift */; };
		E912E4DE27EF86BD0091A517 /* ProductsList.swift in Sources */ = {isa = PBXBuildFile; fileRef = E912E4DD27EF86BD0091A517 /* ProductsList.swift */; };
		E912E4E227EF8A3D0091A517 /* TypeOfProduct.swift in Sources */ = {isa = PBXBuildFile; fileRef = E912E4E127EF8A3D0091A517 /* TypeOfProduct.swift */; };
		E912E4E427EF945D0091A517 /* ProductScreen.swift in Sources */ = {isa = PBXBuildFile; fileRef = E912E4E327EF945D0091A517 /* ProductScreen.swift */; };
		F1C5F74527C1491800F228D4 /* HealthyFoodApp.swift in Sources */ = {isa = PBXBuildFile; fileRef = F1C5F73527C1491200F228D4 /* HealthyFoodApp.swift */; };
		F1C5F74627C1491800F228D4 /* HealthyFoodApp.swift in Sources */ = {isa = PBXBuildFile; fileRef = F1C5F73527C1491200F228D4 /* HealthyFoodApp.swift */; };
		F1C5F74727C1491800F228D4 /* ContentView.swift in Sources */ = {isa = PBXBuildFile; fileRef = F1C5F73627C1491200F228D4 /* ContentView.swift */; };
		F1C5F74827C1491800F228D4 /* ContentView.swift in Sources */ = {isa = PBXBuildFile; fileRef = F1C5F73627C1491200F228D4 /* ContentView.swift */; };
		F1C5F74927C1491800F228D4 /* Assets.xcassets in Resources */ = {isa = PBXBuildFile; fileRef = F1C5F73727C1491700F228D4 /* Assets.xcassets */; };
		F1C5F74A27C1491800F228D4 /* Assets.xcassets in Resources */ = {isa = PBXBuildFile; fileRef = F1C5F73727C1491700F228D4 /* Assets.xcassets */; };
/* End PBXBuildFile section */

/* Begin PBXFileReference section */
		E912E4D127EF7B3E0091A517 /* MainScreen.swift */ = {isa = PBXFileReference; lastKnownFileType = sourcecode.swift; path = MainScreen.swift; sourceTree = "<group>"; };
		E912E4D427EF7B780091A517 /* BackgroundView.swift */ = {isa = PBXFileReference; lastKnownFileType = sourcecode.swift; path = BackgroundView.swift; sourceTree = "<group>"; };
		E912E4D727EF7E300091A517 /* TabBarView.swift */ = {isa = PBXFileReference; lastKnownFileType = sourcecode.swift; path = TabBarView.swift; sourceTree = "<group>"; };
		E912E4DA27EF7E840091A517 /* UserProfile.swift */ = {isa = PBXFileReference; lastKnownFileType = sourcecode.swift; path = UserProfile.swift; sourceTree = "<group>"; };
		E912E4DD27EF86BD0091A517 /* ProductsList.swift */ = {isa = PBXFileReference; lastKnownFileType = sourcecode.swift; path = ProductsList.swift; sourceTree = "<group>"; };
		E912E4E127EF8A3D0091A517 /* TypeOfProduct.swift */ = {isa = PBXFileReference; lastKnownFileType = sourcecode.swift; path = TypeOfProduct.swift; sourceTree = "<group>"; };
		E912E4E327EF945D0091A517 /* ProductScreen.swift */ = {isa = PBXFileReference; lastKnownFileType = sourcecode.swift; path = ProductScreen.swift; sourceTree = "<group>"; };
		F1C5F73527C1491200F228D4 /* HealthyFoodApp.swift */ = {isa = PBXFileReference; lastKnownFileType = sourcecode.swift; path = HealthyFoodApp.swift; sourceTree = "<group>"; };
		F1C5F73627C1491200F228D4 /* ContentView.swift */ = {isa = PBXFileReference; lastKnownFileType = sourcecode.swift; path = ContentView.swift; sourceTree = "<group>"; };
		F1C5F73727C1491700F228D4 /* Assets.xcassets */ = {isa = PBXFileReference; lastKnownFileType = folder.assetcatalog; path = Assets.xcassets; sourceTree = "<group>"; };
		F1C5F73C27C1491700F228D4 /* HealthyFood.app */ = {isa = PBXFileReference; explicitFileType = wrapper.application; includeInIndex = 0; path = HealthyFood.app; sourceTree = BUILT_PRODUCTS_DIR; };
		F1C5F74227C1491800F228D4 /* HealthyFood.app */ = {isa = PBXFileReference; explicitFileType = wrapper.application; includeInIndex = 0; path = HealthyFood.app; sourceTree = BUILT_PRODUCTS_DIR; };
		F1C5F74427C1491800F228D4 /* macOS.entitlements */ = {isa = PBXFileReference; lastKnownFileType = text.plist.entitlements; path = macOS.entitlements; sourceTree = "<group>"; };
/* End PBXFileReference section */

/* Begin PBXFrameworksBuildPhase section */
		F1C5F73927C1491700F228D4 /* Frameworks */ = {
			isa = PBXFrameworksBuildPhase;
			buildActionMask = 2147483647;
			files = (
			);
			runOnlyForDeploymentPostprocessing = 0;
		};
		F1C5F73F27C1491800F228D4 /* Frameworks */ = {
			isa = PBXFrameworksBuildPhase;
			buildActionMask = 2147483647;
			files = (
			);
			runOnlyForDeploymentPostprocessing = 0;
		};
/* End PBXFrameworksBuildPhase section */

/* Begin PBXGroup section */
		E912E4CF27EF7AF70091A517 /* Flows */ = {
			isa = PBXGroup;
			children = (
				E912E4DC27EF86970091A517 /* ProductsList */,
				E912E4D627EF7E0E0091A517 /* TabBar */,
				E912E4D927EF7E710091A517 /* Profile */,
				E912E4D027EF7B160091A517 /* Main */,
			);
			path = Flows;
			sourceTree = "<group>";
		};
		E912E4D027EF7B160091A517 /* Main */ = {
			isa = PBXGroup;
			children = (
				E912E4D127EF7B3E0091A517 /* MainScreen.swift */,
			);
			path = Main;
			sourceTree = "<group>";
		};
		E912E4D327EF7B5A0091A517 /* ReusableItems */ = {
			isa = PBXGroup;
			children = (
				E912E4E027EF8A120091A517 /* TypeOfProduct */,
				E912E4DF27EF8A010091A517 /* Views */,
			);
			path = ReusableItems;
			sourceTree = "<group>";
		};
		E912E4D627EF7E0E0091A517 /* TabBar */ = {
			isa = PBXGroup;
			children = (
				E912E4D727EF7E300091A517 /* TabBarView.swift */,
			);
			path = TabBar;
			sourceTree = "<group>";
		};
		E912E4D927EF7E710091A517 /* Profile */ = {
			isa = PBXGroup;
			children = (
				E912E4DA27EF7E840091A517 /* UserProfile.swift */,
			);
			path = Profile;
			sourceTree = "<group>";
		};
		E912E4DC27EF86970091A517 /* ProductsList */ = {
			isa = PBXGroup;
			children = (
				E912E4DD27EF86BD0091A517 /* ProductsList.swift */,
				E912E4E327EF945D0091A517 /* ProductScreen.swift */,
			);
			path = ProductsList;
			sourceTree = "<group>";
		};
		E912E4DF27EF8A010091A517 /* Views */ = {
			isa = PBXGroup;
			children = (
				E912E4D427EF7B780091A517 /* BackgroundView.swift */,
			);
			path = Views;
			sourceTree = "<group>";
		};
		E912E4E027EF8A120091A517 /* TypeOfProduct */ = {
			isa = PBXGroup;
			children = (
				E912E4E127EF8A3D0091A517 /* TypeOfProduct.swift */,
			);
			path = TypeOfProduct;
			sourceTree = "<group>";
		};
		F1C5F72F27C1491100F228D4 = {
			isa = PBXGroup;
			children = (
				E912E4D327EF7B5A0091A517 /* ReusableItems */,
				E912E4CF27EF7AF70091A517 /* Flows */,
				F1C5F73427C1491200F228D4 /* Shared */,
				F1C5F74327C1491800F228D4 /* macOS */,
				F1C5F73D27C1491700F228D4 /* Products */,
			);
			sourceTree = "<group>";
		};
		F1C5F73427C1491200F228D4 /* Shared */ = {
			isa = PBXGroup;
			children = (
				F1C5F73527C1491200F228D4 /* HealthyFoodApp.swift */,
				F1C5F73627C1491200F228D4 /* ContentView.swift */,
				F1C5F73727C1491700F228D4 /* Assets.xcassets */,
			);
			path = Shared;
			sourceTree = "<group>";
		};
		F1C5F73D27C1491700F228D4 /* Products */ = {
			isa = PBXGroup;
			children = (
				F1C5F73C27C1491700F228D4 /* HealthyFood.app */,
				F1C5F74227C1491800F228D4 /* HealthyFood.app */,
			);
			name = Products;
			sourceTree = "<group>";
		};
		F1C5F74327C1491800F228D4 /* macOS */ = {
			isa = PBXGroup;
			children = (
				F1C5F74427C1491800F228D4 /* macOS.entitlements */,
			);
			path = macOS;
			sourceTree = "<group>";
		};
/* End PBXGroup section */

/* Begin PBXNativeTarget section */
		F1C5F73B27C1491700F228D4 /* HealthyFood (iOS) */ = {
			isa = PBXNativeTarget;
			buildConfigurationList = F1C5F74D27C1491800F228D4 /* Build configuration list for PBXNativeTarget "HealthyFood (iOS)" */;
			buildPhases = (
				F1C5F73827C1491700F228D4 /* Sources */,
				F1C5F73927C1491700F228D4 /* Frameworks */,
				F1C5F73A27C1491700F228D4 /* Resources */,
			);
			buildRules = (
			);
			dependencies = (
			);
			name = "HealthyFood (iOS)";
			productName = "HealthyFood (iOS)";
			productReference = F1C5F73C27C1491700F228D4 /* HealthyFood.app */;
			productType = "com.apple.product-type.application";
		};
		F1C5F74127C1491800F228D4 /* HealthyFood (macOS) */ = {
			isa = PBXNativeTarget;
			buildConfigurationList = F1C5F75027C1491800F228D4 /* Build configuration list for PBXNativeTarget "HealthyFood (macOS)" */;
			buildPhases = (
				F1C5F73E27C1491800F228D4 /* Sources */,
				F1C5F73F27C1491800F228D4 /* Frameworks */,
				F1C5F74027C1491800F228D4 /* Resources */,
			);
			buildRules = (
			);
			dependencies = (
			);
			name = "HealthyFood (macOS)";
			productName = "HealthyFood (macOS)";
			productReference = F1C5F74227C1491800F228D4 /* HealthyFood.app */;
			productType = "com.apple.product-type.application";
		};
/* End PBXNativeTarget section */

/* Begin PBXProject section */
		F1C5F73027C1491100F228D4 /* Project object */ = {
			isa = PBXProject;
			attributes = {
				BuildIndependentTargetsInParallel = 1;
				LastSwiftUpdateCheck = 1320;
				LastUpgradeCheck = 1320;
				TargetAttributes = {
					F1C5F73B27C1491700F228D4 = {
						CreatedOnToolsVersion = 13.2.1;
					};
					F1C5F74127C1491800F228D4 = {
						CreatedOnToolsVersion = 13.2.1;
					};
				};
			};
			buildConfigurationList = F1C5F73327C1491100F228D4 /* Build configuration list for PBXProject "HealthyFood" */;
			compatibilityVersion = "Xcode 13.0";
			developmentRegion = en;
			hasScannedForEncodings = 0;
			knownRegions = (
				en,
				Base,
			);
			mainGroup = F1C5F72F27C1491100F228D4;
			productRefGroup = F1C5F73D27C1491700F228D4 /* Products */;
			projectDirPath = "";
			projectRoot = "";
			targets = (
				F1C5F73B27C1491700F228D4 /* HealthyFood (iOS) */,
				F1C5F74127C1491800F228D4 /* HealthyFood (macOS) */,
			);
		};
/* End PBXProject section */

/* Begin PBXResourcesBuildPhase section */
		F1C5F73A27C1491700F228D4 /* Resources */ = {
			isa = PBXResourcesBuildPhase;
			buildActionMask = 2147483647;
			files = (
				F1C5F74927C1491800F228D4 /* Assets.xcassets in Resources */,
			);
			runOnlyForDeploymentPostprocessing = 0;
		};
		F1C5F74027C1491800F228D4 /* Resources */ = {
			isa = PBXResourcesBuildPhase;
			buildActionMask = 2147483647;
			files = (
				F1C5F74A27C1491800F228D4 /* Assets.xcassets in Resources */,
			);
			runOnlyForDeploymentPostprocessing = 0;
		};
/* End PBXResourcesBuildPhase section */

/* Begin PBXSourcesBuildPhase section */
		F1C5F73827C1491700F228D4 /* Sources */ = {
			isa = PBXSourcesBuildPhase;
			buildActionMask = 2147483647;
			files = (
				E912E4DE27EF86BD0091A517 /* ProductsList.swift in Sources */,
				E912E4D227EF7B3E0091A517 /* MainScreen.swift in Sources */,
				F1C5F74727C1491800F228D4 /* ContentView.swift in Sources */,
				E912E4DB27EF7E840091A517 /* UserProfile.swift in Sources */,
				E912E4E427EF945D0091A517 /* ProductScreen.swift in Sources */,
				E912E4D527EF7B780091A517 /* BackgroundView.swift in Sources */,
				E912E4D827EF7E300091A517 /* TabBarView.swift in Sources */,
				E912E4E227EF8A3D0091A517 /* TypeOfProduct.swift in Sources */,
				F1C5F74527C1491800F228D4 /* HealthyFoodApp.swift in Sources */,
			);
			runOnlyForDeploymentPostprocessing = 0;
		};
		F1C5F73E27C1491800F228D4 /* Sources */ = {
			isa = PBXSourcesBuildPhase;
			buildActionMask = 2147483647;
			files = (
				F1C5F74827C1491800F228D4 /* ContentView.swift in Sources */,
				F1C5F74627C1491800F228D4 /* HealthyFoodApp.swift in Sources */,
			);
			runOnlyForDeploymentPostprocessing = 0;
		};
/* End PBXSourcesBuildPhase section */

/* Begin XCBuildConfiguration section */
		F1C5F74B27C1491800F228D4 /* Debug */ = {
			isa = XCBuildConfiguration;
			buildSettings = {
				ALWAYS_SEARCH_USER_PATHS = NO;
				CLANG_ANALYZER_NONNULL = YES;
				CLANG_ANALYZER_NUMBER_OBJECT_CONVERSION = YES_AGGRESSIVE;
				CLANG_CXX_LANGUAGE_STANDARD = "gnu++17";
				CLANG_CXX_LIBRARY = "libc++";
				CLANG_ENABLE_MODULES = YES;
				CLANG_ENABLE_OBJC_ARC = YES;
				CLANG_ENABLE_OBJC_WEAK = YES;
				CLANG_WARN_BLOCK_CAPTURE_AUTORELEASING = YES;
				CLANG_WARN_BOOL_CONVERSION = YES;
				CLANG_WARN_COMMA = YES;
				CLANG_WARN_CONSTANT_CONVERSION = YES;
				CLANG_WARN_DEPRECATED_OBJC_IMPLEMENTATIONS = YES;
				CLANG_WARN_DIRECT_OBJC_ISA_USAGE = YES_ERROR;
				CLANG_WARN_DOCUMENTATION_COMMENTS = YES;
				CLANG_WARN_EMPTY_BODY = YES;
				CLANG_WARN_ENUM_CONVERSION = YES;
				CLANG_WARN_INFINITE_RECURSION = YES;
				CLANG_WARN_INT_CONVERSION = YES;
				CLANG_WARN_NON_LITERAL_NULL_CONVERSION = YES;
				CLANG_WARN_OBJC_IMPLICIT_RETAIN_SELF = YES;
				CLANG_WARN_OBJC_LITERAL_CONVERSION = YES;
				CLANG_WARN_OBJC_ROOT_CLASS = YES_ERROR;
				CLANG_WARN_QUOTED_INCLUDE_IN_FRAMEWORK_HEADER = YES;
				CLANG_WARN_RANGE_LOOP_ANALYSIS = YES;
				CLANG_WARN_STRICT_PROTOTYPES = YES;
				CLANG_WARN_SUSPICIOUS_MOVE = YES;
				CLANG_WARN_UNGUARDED_AVAILABILITY = YES_AGGRESSIVE;
				CLANG_WARN_UNREACHABLE_CODE = YES;
				CLANG_WARN__DUPLICATE_METHOD_MATCH = YES;
				COPY_PHASE_STRIP = NO;
				DEBUG_INFORMATION_FORMAT = dwarf;
				ENABLE_STRICT_OBJC_MSGSEND = YES;
				ENABLE_TESTABILITY = YES;
				GCC_C_LANGUAGE_STANDARD = gnu11;
				GCC_DYNAMIC_NO_PIC = NO;
				GCC_NO_COMMON_BLOCKS = YES;
				GCC_OPTIMIZATION_LEVEL = 0;
				GCC_PREPROCESSOR_DEFINITIONS = (
					"DEBUG=1",
					"$(inherited)",
				);
				GCC_WARN_64_TO_32_BIT_CONVERSION = YES;
				GCC_WARN_ABOUT_RETURN_TYPE = YES_ERROR;
				GCC_WARN_UNDECLARED_SELECTOR = YES;
				GCC_WARN_UNINITIALIZED_AUTOS = YES_AGGRESSIVE;
				GCC_WARN_UNUSED_FUNCTION = YES;
				GCC_WARN_UNUSED_VARIABLE = YES;
				MTL_ENABLE_DEBUG_INFO = INCLUDE_SOURCE;
				MTL_FAST_MATH = YES;
				ONLY_ACTIVE_ARCH = YES;
				SWIFT_ACTIVE_COMPILATION_CONDITIONS = DEBUG;
				SWIFT_OPTIMIZATION_LEVEL = "-Onone";
			};
			name = Debug;
		};
		F1C5F74C27C1491800F228D4 /* Release */ = {
			isa = XCBuildConfiguration;
			buildSettings = {
				ALWAYS_SEARCH_USER_PATHS = NO;
				CLANG_ANALYZER_NONNULL = YES;
				CLANG_ANALYZER_NUMBER_OBJECT_CONVERSION = YES_AGGRESSIVE;
				CLANG_CXX_LANGUAGE_STANDARD = "gnu++17";
				CLANG_CXX_LIBRARY = "libc++";
				CLANG_ENABLE_MODULES = YES;
				CLANG_ENABLE_OBJC_ARC = YES;
				CLANG_ENABLE_OBJC_WEAK = YES;
				CLANG_WARN_BLOCK_CAPTURE_AUTORELEASING = YES;
				CLANG_WARN_BOOL_CONVERSION = YES;
				CLANG_WARN_COMMA = YES;
				CLANG_WARN_CONSTANT_CONVERSION = YES;
				CLANG_WARN_DEPRECATED_OBJC_IMPLEMENTATIONS = YES;
				CLANG_WARN_DIRECT_OBJC_ISA_USAGE = YES_ERROR;
				CLANG_WARN_DOCUMENTATION_COMMENTS = YES;
				CLANG_WARN_EMPTY_BODY = YES;
				CLANG_WARN_ENUM_CONVERSION = YES;
				CLANG_WARN_INFINITE_RECURSION = YES;
				CLANG_WARN_INT_CONVERSION = YES;
				CLANG_WARN_NON_LITERAL_NULL_CONVERSION = YES;
				CLANG_WARN_OBJC_IMPLICIT_RETAIN_SELF = YES;
				CLANG_WARN_OBJC_LITERAL_CONVERSION = YES;
				CLANG_WARN_OBJC_ROOT_CLASS = YES_ERROR;
				CLANG_WARN_QUOTED_INCLUDE_IN_FRAMEWORK_HEADER = YES;
				CLANG_WARN_RANGE_LOOP_ANALYSIS = YES;
				CLANG_WARN_STRICT_PROTOTYPES = YES;
				CLANG_WARN_SUSPICIOUS_MOVE = YES;
				CLANG_WARN_UNGUARDED_AVAILABILITY = YES_AGGRESSIVE;
				CLANG_WARN_UNREACHABLE_CODE = YES;
				CLANG_WARN__DUPLICATE_METHOD_MATCH = YES;
				COPY_PHASE_STRIP = NO;
				DEBUG_INFORMATION_FORMAT = "dwarf-with-dsym";
				ENABLE_NS_ASSERTIONS = NO;
				ENABLE_STRICT_OBJC_MSGSEND = YES;
				GCC_C_LANGUAGE_STANDARD = gnu11;
				GCC_NO_COMMON_BLOCKS = YES;
				GCC_WARN_64_TO_32_BIT_CONVERSION = YES;
				GCC_WARN_ABOUT_RETURN_TYPE = YES_ERROR;
				GCC_WARN_UNDECLARED_SELECTOR = YES;
				GCC_WARN_UNINITIALIZED_AUTOS = YES_AGGRESSIVE;
				GCC_WARN_UNUSED_FUNCTION = YES;
				GCC_WARN_UNUSED_VARIABLE = YES;
				MTL_ENABLE_DEBUG_INFO = NO;
				MTL_FAST_MATH = YES;
				SWIFT_COMPILATION_MODE = wholemodule;
				SWIFT_OPTIMIZATION_LEVEL = "-O";
			};
			name = Release;
		};
		F1C5F74E27C1491800F228D4 /* Debug */ = {
			isa = XCBuildConfiguration;
			buildSettings = {
				ASSETCATALOG_COMPILER_APPICON_NAME = AppIcon;
				ASSETCATALOG_COMPILER_GLOBAL_ACCENT_COLOR_NAME = AccentColor;
				CODE_SIGN_STYLE = Automatic;
				CURRENT_PROJECT_VERSION = 1;
				ENABLE_PREVIEWS = YES;
				GENERATE_INFOPLIST_FILE = YES;
				INFOPLIST_KEY_UIApplicationSceneManifest_Generation = YES;
				INFOPLIST_KEY_UIApplicationSupportsIndirectInputEvents = YES;
				INFOPLIST_KEY_UILaunchScreen_Generation = YES;
				INFOPLIST_KEY_UISupportedInterfaceOrientations_iPad = "UIInterfaceOrientationPortrait UIInterfaceOrientationPortraitUpsideDown UIInterfaceOrientationLandscapeLeft UIInterfaceOrientationLandscapeRight";
				INFOPLIST_KEY_UISupportedInterfaceOrientations_iPhone = "UIInterfaceOrientationPortrait UIInterfaceOrientationLandscapeLeft UIInterfaceOrientationLandscapeRight";
				IPHONEOS_DEPLOYMENT_TARGET = 15.2;
				LD_RUNPATH_SEARCH_PATHS = (
					"$(inherited)",
					"@executable_path/Frameworks",
				);
				MARKETING_VERSION = 1.0;
				PRODUCT_BUNDLE_IDENTIFIER = "com.4817b420b-kovalenko-olga.HealthyFood";
				PRODUCT_NAME = HealthyFood;
				SDKROOT = iphoneos;
				SWIFT_EMIT_LOC_STRINGS = YES;
				SWIFT_VERSION = 5.0;
				TARGETED_DEVICE_FAMILY = "1,2";
			};
			name = Debug;
		};
		F1C5F74F27C1491800F228D4 /* Release */ = {
			isa = XCBuildConfiguration;
			buildSettings = {
				ASSETCATALOG_COMPILER_APPICON_NAME = AppIcon;
				ASSETCATALOG_COMPILER_GLOBAL_ACCENT_COLOR_NAME = AccentColor;
				CODE_SIGN_STYLE = Automatic;
				CURRENT_PROJECT_VERSION = 1;
				ENABLE_PREVIEWS = YES;
				GENERATE_INFOPLIST_FILE = YES;
				INFOPLIST_KEY_UIApplicationSceneManifest_Generation = YES;
				INFOPLIST_KEY_UIApplicationSupportsIndirectInputEvents = YES;
				INFOPLIST_KEY_UILaunchScreen_Generation = YES;
				INFOPLIST_KEY_UISupportedInterfaceOrientations_iPad = "UIInterfaceOrientationPortrait UIInterfaceOrientationPortraitUpsideDown UIInterfaceOrientationLandscapeLeft UIInterfaceOrientationLandscapeRight";
				INFOPLIST_KEY_UISupportedInterfaceOrientations_iPhone = "UIInterfaceOrientationPortrait UIInterfaceOrientationLandscapeLeft UIInterfaceOrientationLandscapeRight";
				IPHONEOS_DEPLOYMENT_TARGET = 15.2;
				LD_RUNPATH_SEARCH_PATHS = (
					"$(inherited)",
					"@executable_path/Frameworks",
				);
				MARKETING_VERSION = 1.0;
				PRODUCT_BUNDLE_IDENTIFIER = "com.4817b420b-kovalenko-olga.HealthyFood";
				PRODUCT_NAME = HealthyFood;
				SDKROOT = iphoneos;
				SWIFT_EMIT_LOC_STRINGS = YES;
				SWIFT_VERSION = 5.0;
				TARGETED_DEVICE_FAMILY = "1,2";
				VALIDATE_PRODUCT = YES;
			};
			name = Release;
		};
		F1C5F75127C1491800F228D4 /* Debug */ = {
			isa = XCBuildConfiguration;
			buildSettings = {
				ASSETCATALOG_COMPILER_APPICON_NAME = AppIcon;
				ASSETCATALOG_COMPILER_GLOBAL_ACCENT_COLOR_NAME = AccentColor;
				CODE_SIGN_ENTITLEMENTS = macOS/macOS.entitlements;
				CODE_SIGN_STYLE = Automatic;
				COMBINE_HIDPI_IMAGES = YES;
				CURRENT_PROJECT_VERSION = 1;
				ENABLE_PREVIEWS = YES;
				GENERATE_INFOPLIST_FILE = YES;
				INFOPLIST_KEY_NSHumanReadableCopyright = "";
				LD_RUNPATH_SEARCH_PATHS = (
					"$(inherited)",
					"@executable_path/../Frameworks",
				);
				MACOSX_DEPLOYMENT_TARGET = 12.1;
				MARKETING_VERSION = 1.0;
				PRODUCT_BUNDLE_IDENTIFIER = "com.4817b420b-kovalenko-olga.HealthyFood";
				PRODUCT_NAME = HealthyFood;
				SDKROOT = macosx;
				SWIFT_EMIT_LOC_STRINGS = YES;
				SWIFT_VERSION = 5.0;
			};
			name = Debug;
		};
		F1C5F75227C1491800F228D4 /* Release */ = {
			isa = XCBuildConfiguration;
			buildSettings = {
				ASSETCATALOG_COMPILER_APPICON_NAME = AppIcon;
				ASSETCATALOG_COMPILER_GLOBAL_ACCENT_COLOR_NAME = AccentColor;
				CODE_SIGN_ENTITLEMENTS = macOS/macOS.entitlements;
				CODE_SIGN_STYLE = Automatic;
				COMBINE_HIDPI_IMAGES = YES;
				CURRENT_PROJECT_VERSION = 1;
				ENABLE_PREVIEWS = YES;
				GENERATE_INFOPLIST_FILE = YES;
				INFOPLIST_KEY_NSHumanReadableCopyright = "";
				LD_RUNPATH_SEARCH_PATHS = (
					"$(inherited)",
					"@executable_path/../Frameworks",
				);
				MACOSX_DEPLOYMENT_TARGET = 12.1;
				MARKETING_VERSION = 1.0;
				PRODUCT_BUNDLE_IDENTIFIER = "com.4817b420b-kovalenko-olga.HealthyFood";
				PRODUCT_NAME = HealthyFood;
				SDKROOT = macosx;
				SWIFT_EMIT_LOC_STRINGS = YES;
				SWIFT_VERSION = 5.0;
			};
			name = Release;
		};
/* End XCBuildConfiguration section */

/* Begin XCConfigurationList section */
		F1C5F73327C1491100F228D4 /* Build configuration list for PBXProject "HealthyFood" */ = {
			isa = XCConfigurationList;
			buildConfigurations = (
				F1C5F74B27C1491800F228D4 /* Debug */,
				F1C5F74C27C1491800F228D4 /* Release */,
			);
			defaultConfigurationIsVisible = 0;
			defaultConfigurationName = Release;
		};
		F1C5F74D27C1491800F228D4 /* Build configuration list for PBXNativeTarget "HealthyFood (iOS)" */ = {
			isa = XCConfigurationList;
			buildConfigurations = (
				F1C5F74E27C1491800F228D4 /* Debug */,
				F1C5F74F27C1491800F228D4 /* Release */,
			);
			defaultConfigurationIsVisible = 0;
			defaultConfigurationName = Release;
		};
		F1C5F75027C1491800F228D4 /* Build configuration list for PBXNativeTarget "HealthyFood (macOS)" */ = {
			isa = XCConfigurationList;
			buildConfigurations = (
				F1C5F75127C1491800F228D4 /* Debug */,
				F1C5F75227C1491800F228D4 /* Release */,
			);
			defaultConfigurationIsVisible = 0;
			defaultConfigurationName = Release;
		};
/* End XCConfigurationList section */
	};
	rootObject = F1C5F73027C1491100F228D4 /* Project object */;
}
